
Microsoft Visual Studio Solution File, Format Version 12.00
# Visual Studio Version 17
VisualStudioVersion = 17.3.32901.215
MinimumVisualStudioVersion = 10.0.40219.1
Project("{FAE04EC0-301F-11D3-BF4B-00C04F79EFBC}") = "ReadDocxByNPOI", "ReadDocxByNPOI.csproj", "{04CF56C7-10BA-40D9-A8F2-CD5B9355EBC4}"
EndProject
Global
	GlobalSection(SolutionConfigurationPlatforms) = preSolution
		Debug|Any CPU = Debug|Any CPU
		Release|Any CPU = Release|Any CPU
	EndGlobalSection
	GlobalSection(ProjectConfigurationPlatforms) = postSolution
		{04CF56C7-10BA-40D9-A8F2-CD5B9355EBC4}.Debug|Any CPU.ActiveCfg = Debug|Any CPU
		{04CF56C7-10BA-40D9-A8F2-CD5B9355EBC4}.Debug|Any CPU.Build.0 = Debug|Any CPU
		{04CF56C7-10BA-40D9-A8F2-CD5B9355EBC4}.Release|Any CPU.ActiveCfg = Release|Any CPU
		{04CF56C7-10BA-40D9-A8F2-CD5B9355EBC4}.Release|Any CPU.Build.0 = Release|Any CPU
	EndGlobalSection
	GlobalSection(SolutionProperties) = preSolution
		HideSolutionNode = FALSE
	EndGlobalSection
	GlobalSection(ExtensibilityGlobals) = postSolution
		SolutionGuid = {452D283D-E4F9-4234-87FB-79E128CBCB63}
	EndGlobalSection
EndGlobal
